
Microsoft Visual Studio Solution File, Format Version 12.00
# Visual Studio Version 17
VisualStudioVersion = 17.10.34928.147
MinimumVisualStudioVersion = 10.0.40219.1
Project("{9A19103F-16F7-4668-BE54-9A1E7A4F7556}") = "Egitimproje", "Egitimproje.csproj", "{4F54E4FA-50C7-4FC6-B91B-786B6C2EAEDF}"
EndProject
Global
	GlobalSection(SolutionConfigurationPlatforms) = preSolution
		Debug|Any CPU = Debug|Any CPU
		Release|Any CPU = Release|Any CPU
	EndGlobalSection
	GlobalSection(ProjectConfigurationPlatforms) = postSolution
		{4F54E4FA-50C7-4FC6-B91B-786B6C2EAEDF}.Debug|Any CPU.ActiveCfg = Debug|Any CPU
		{4F54E4FA-50C7-4FC6-B91B-786B6C2EAEDF}.Debug|Any CPU.Build.0 = Debug|Any CPU
		{4F54E4FA-50C7-4FC6-B91B-786B6C2EAEDF}.Release|Any CPU.ActiveCfg = Release|Any CPU
		{4F54E4FA-50C7-4FC6-B91B-786B6C2EAEDF}.Release|Any CPU.Build.0 = Release|Any CPU
	EndGlobalSection
	GlobalSection(SolutionProperties) = preSolution
		HideSolutionNode = FALSE
	EndGlobalSection
	GlobalSection(ExtensibilityGlobals) = postSolution
		SolutionGuid = {E85DC9E3-0CFB-44DF-91F6-6142B05B33B9}
	EndGlobalSection
EndGlobal
